{
  "version": 4,
  "terraform_version": "1.5.7",
  "serial": 11,
  "lineage": "7720bce9-612f-fd29-68d3-7910e4d0dc6e",
  "outputs": {
    "external_ip_address_vm_1": {
      "value": "84.201.154.28",
      "type": "string"
    },
    "internal_ip_address_vm_1": {
      "value": "192.168.10.17",
      "type": "string"
    }
  },
  "resources": [
    {
      "mode": "managed",
      "type": "yandex_compute_instance",
      "name": "vm-1",
      "provider": "provider[\"registry.terraform.io/yandex-cloud/yandex\"]",
      "instances": [
        {
          "schema_version": 1,
          "attributes": {
            "allow_recreate": null,
            "allow_stopping_for_update": null,
            "boot_disk": [
              {
                "auto_delete": true,
                "device_name": "epdt69mq69hu40jn7tr2",
                "disk_id": "epdt69mq69hu40jn7tr2",
                "initialize_params": [
                  {
                    "block_size": 4096,
                    "description": "",
                    "image_id": "fd89n8278rhueakslujo",
                    "name": "",
                    "size": 5,
                    "snapshot_id": "",
                    "type": "network-hdd"
                  }
                ],
                "mode": "READ_WRITE"
              }
            ],
            "created_at": "2023-09-26T12:00:45Z",
            "description": "",
            "filesystem": [],
            "folder_id": "b1gm6bsivu1c8m0rpntv",
            "fqdn": "epd2l7tlji2ocvfjtbfs.auto.internal",
            "gpu_cluster_id": "",
            "hostname": "",
            "id": "epd2l7tlji2ocvfjtbfs",
            "labels": {},
            "local_disk": [],
            "metadata": {
              "ssh-keys": "ubuntu:ecdsa-sha2-nistp256 AAAAE2VjZHNhLXNoYTItbmlzdHAyNTYAAAAIbmlzdHAyNTYAAABBBJYqDxoKqMxgZl5ZwjTLxzMieTd3UYsGE/44pyy6GWVyLrcT2wE0KHsifQe0S1n0neHwJGT0cPq3/DXCUKcCCDw= ilyasiluyanov@10.211.15.59-vpn.dhcp.yndx.net\n"
            },
            "metadata_options": [
              {
                "aws_v1_http_endpoint": 1,
                "aws_v1_http_token": 2,
                "gce_http_endpoint": 1,
                "gce_http_token": 1
              }
            ],
            "name": "renamed-terraform1",
            "network_acceleration_type": "standard",
            "network_interface": [
              {
                "dns_record": [],
                "index": 0,
                "ip_address": "192.168.10.17",
                "ipv4": true,
                "ipv6": false,
                "ipv6_address": "",
                "ipv6_dns_record": [],
                "mac_address": "d0:0d:2a:9f:b5:9c",
                "nat": true,
                "nat_dns_record": [],
                "nat_ip_address": "84.201.154.28",
                "nat_ip_version": "IPV4",
                "security_group_ids": [],
                "subnet_id": "e2l02l4vilqilkqtbq49"
              }
            ],
            "placement_policy": [
              {
                "host_affinity_rules": [],
                "placement_group_id": ""
              }
            ],
            "platform_id": "standard-v1",
            "resources": [
              {
                "core_fraction": 100,
                "cores": 2,
                "gpus": 0,
                "memory": 2
              }
            ],
            "scheduling_policy": [
              {
                "preemptible": false
              }
            ],
            "secondary_disk": [],
            "service_account_id": "",
            "status": "running",
            "timeouts": null,
            "zone": "ru-central1-b"
          },
          "sensitive_attributes": [],
          "private": "eyJlMmJmYjczMC1lY2FhLTExZTYtOGY4OC0zNDM2M2JjN2M0YzAiOnsiY3JlYXRlIjozMDAwMDAwMDAwMDAsImRlbGV0ZSI6MzAwMDAwMDAwMDAwLCJ1cGRhdGUiOjMwMDAwMDAwMDAwMH0sInNjaGVtYV92ZXJzaW9uIjoiMSJ9",
          "dependencies": [
            "yandex_vpc_subnet.subnet-1"
          ]
        }
      ]
    },
    {
      "mode": "managed",
      "type": "yandex_vpc_network",
      "name": "network-1",
      "provider": "provider[\"registry.terraform.io/yandex-cloud/yandex\"]",
      "instances": [
        {
          "schema_version": 0,
          "attributes": {
            "created_at": "2023-09-26T12:00:20Z",
            "default_security_group_id": "enpqvqm4mtapffdb6no6",
            "description": "",
            "folder_id": "b1gm6bsivu1c8m0rpntv",
            "id": "enpkt2pgj15p46ia5mpq",
            "labels": {},
            "name": "network1",
            "subnet_ids": [
              "e2l02l4vilqilkqtbq49"
            ],
            "timeouts": null
          },
          "sensitive_attributes": [],
          "private": "eyJlMmJmYjczMC1lY2FhLTExZTYtOGY4OC0zNDM2M2JjN2M0YzAiOnsiY3JlYXRlIjo2MDAwMDAwMDAwMCwiZGVsZXRlIjo2MDAwMDAwMDAwMCwidXBkYXRlIjo2MDAwMDAwMDAwMH19"
        }
      ]
    },
    {
      "mode": "managed",
      "type": "yandex_vpc_subnet",
      "name": "subnet-1",
      "provider": "provider[\"registry.terraform.io/yandex-cloud/yandex\"]",
      "instances": [
        {
          "schema_version": 0,
          "attributes": {
            "created_at": "2023-09-26T12:00:44Z",
            "description": "",
            "dhcp_options": [],
            "folder_id": "b1gm6bsivu1c8m0rpntv",
            "id": "e2l02l4vilqilkqtbq49",
            "labels": {},
            "name": "subnet1",
            "network_id": "enpkt2pgj15p46ia5mpq",
            "route_table_id": "",
            "timeouts": null,
            "v4_cidr_blocks": [
              "192.168.10.0/24"
            ],
            "v6_cidr_blocks": [],
            "zone": "ru-central1-b"
          },
          "sensitive_attributes": [],
          "private": "eyJlMmJmYjczMC1lY2FhLTExZTYtOGY4OC0zNDM2M2JjN2M0YzAiOnsiY3JlYXRlIjoxODAwMDAwMDAwMDAsImRlbGV0ZSI6MTgwMDAwMDAwMDAwLCJ1cGRhdGUiOjE4MDAwMDAwMDAwMH19",
          "dependencies": [
            "yandex_vpc_network.network-1"
          ]
        }
      ]
    }
  ],
  "check_results": null
}
