{
  "version": 4,
  "terraform_version": "1.5.7",
  "serial": 11,
  "lineage": "a413606e-dd78-3307-2f7f-96e4225b06cc",
  "outputs": {
    "url": {
      "value": "",
      "type": "string"
    }
  },
  "resources": [
    {
      "mode": "managed",
      "type": "github_branch_default",
      "name": "main",
      "provider": "provider[\"registry.terraform.io/integrations/github\"]",
      "instances": [
        {
          "schema_version": 0,
          "attributes": {
            "branch": "main",
            "id": "Pwd9000-Demo-Repo-2022",
            "repository": "Pwd9000-Demo-Repo-2022"
          },
          "sensitive_attributes": [],
          "private": "bnVsbA==",
          "dependencies": [
            "github_repository.repo"
          ]
        }
      ]
    },
    {
      "mode": "managed",
      "type": "github_branch_protection",
      "name": "default",
      "provider": "provider[\"registry.terraform.io/integrations/github\"]",
      "instances": [
        {
          "schema_version": 1,
          "attributes": {
            "allows_deletions": false,
            "allows_force_pushes": false,
            "blocks_creations": false,
            "enforce_admins": true,
            "id": "BPR_kwDOKYgdyM4CgRxS",
            "pattern": "main",
            "push_restrictions": [],
            "repository_id": "Pwd9000-Demo-Repo-2022",
            "require_conversation_resolution": true,
            "require_signed_commits": false,
            "required_linear_history": false,
            "required_pull_request_reviews": [
              {
                "dismiss_stale_reviews": false,
                "dismissal_restrictions": [],
                "pull_request_bypassers": [],
                "require_code_owner_reviews": false,
                "required_approving_review_count": 1,
                "restrict_dismissals": false
              }
            ],
            "required_status_checks": []
          },
          "sensitive_attributes": [],
          "private": "eyJzY2hlbWFfdmVyc2lvbiI6IjEifQ==",
          "dependencies": [
            "github_branch_default.main",
            "github_repository.repo"
          ]
        }
      ]
    },
    {
      "mode": "managed",
      "type": "github_repository",
      "name": "repo",
      "provider": "provider[\"registry.terraform.io/integrations/github\"]",
      "instances": [
        {
          "schema_version": 0,
          "attributes": {
            "allow_auto_merge": false,
            "allow_merge_commit": true,
            "allow_rebase_merge": true,
            "allow_squash_merge": true,
            "archive_on_destroy": null,
            "archived": false,
            "auto_init": true,
            "branches": [
              {
                "name": "main",
                "protected": false
              }
            ],
            "default_branch": "main",
            "delete_branch_on_merge": false,
            "description": "My awesome codebase",
            "etag": "W/\"c967bc995077c442b1e909e615dd69a32d0b604459e692be4e8fb0c7db560985\"",
            "full_name": "ilya-siluyanov/Pwd9000-Demo-Repo-2022",
            "git_clone_url": "git://github.com/ilya-siluyanov/Pwd9000-Demo-Repo-2022.git",
            "gitignore_template": "VisualStudio",
            "has_downloads": false,
            "has_issues": true,
            "has_projects": false,
            "has_wiki": true,
            "homepage_url": "",
            "html_url": "https://github.com/ilya-siluyanov/Pwd9000-Demo-Repo-2022",
            "http_clone_url": "https://github.com/ilya-siluyanov/Pwd9000-Demo-Repo-2022.git",
            "id": "Pwd9000-Demo-Repo-2022",
            "ignore_vulnerability_alerts_during_read": null,
            "is_template": false,
            "license_template": "mit",
            "merge_commit_message": "PR_TITLE",
            "merge_commit_title": "MERGE_MESSAGE",
            "name": "Pwd9000-Demo-Repo-2022",
            "node_id": "R_kgDOKYgdyA",
            "pages": [],
            "private": false,
            "repo_id": 696786376,
            "squash_merge_commit_message": "COMMIT_MESSAGES",
            "squash_merge_commit_title": "COMMIT_OR_PR_TITLE",
            "ssh_clone_url": "git@github.com:ilya-siluyanov/Pwd9000-Demo-Repo-2022.git",
            "svn_url": "https://github.com/ilya-siluyanov/Pwd9000-Demo-Repo-2022",
            "template": [],
            "topics": null,
            "visibility": "public",
            "vulnerability_alerts": false
          },
          "sensitive_attributes": [],
          "private": "bnVsbA=="
        }
      ]
    }
  ],
  "check_results": null
}
