{
  "version": 4,
  "terraform_version": "1.5.7",
  "serial": 36,
  "lineage": "fa201669-966f-4bc5-4fd1-38647344deea",
  "outputs": {
    "url": {
      "value": "",
      "type": "string"
    }
  },
  "resources": [
    {
      "mode": "data",
      "type": "github_user",
      "name": "self",
      "provider": "provider[\"registry.terraform.io/integrations/github\"]",
      "instances": [
        {
          "schema_version": 0,
          "attributes": {
            "avatar_url": "https://avatars.githubusercontent.com/u/28011655?v=4",
            "bio": "",
            "blog": "",
            "company": "",
            "created_at": null,
            "email": "isiluyanov8@gmail.com",
            "followers": 10,
            "following": 7,
            "gpg_keys": [],
            "gravatar_id": "",
            "id": "28011655",
            "location": "Innopolis, Russia",
            "login": "ilya-siluyanov",
            "name": "Ilya Siluyanov",
            "node_id": "MDQ6VXNlcjI4MDExNjU1",
            "public_gists": 1,
            "public_repos": 10,
            "site_admin": false,
            "ssh_keys": [
              "ssh-ed25519 AAAAC3NzaC1lZDI1NTE5AAAAIOe+B+cKYNOT4cuWFK2oiX0htauVWzEhDvA2HMpoyIgC",
              "ssh-ed25519 AAAAC3NzaC1lZDI1NTE5AAAAIKD02mB70PlIN2sjtkhqEgyImQCXai3IpbWxiSA4SJTz",
              "ecdsa-sha2-nistp256 AAAAE2VjZHNhLXNoYTItbmlzdHAyNTYAAAAIbmlzdHAyNTYAAABBBBKlgEIoxp8lONm0qiKU9KyStmWqLgMhSn9vEh2cA8pCmZS3CwTMM0wmqJz1m+jlPxaHG0cBjkVdVvd2w/U9mIc=",
              "ecdsa-sha2-nistp256 AAAAE2VjZHNhLXNoYTItbmlzdHAyNTYAAAAIbmlzdHAyNTYAAABBBJlv6DbrQH3yMHiR+h/H0nwPIcOHTGdyJ6uFXWmV6LvEJigwBzfWuoJBqI0JONF3HLVurh36IOjcJipReBU7ZoU=",
              "ecdsa-sha2-nistp256 AAAAE2VjZHNhLXNoYTItbmlzdHAyNTYAAAAIbmlzdHAyNTYAAABBBJYqDxoKqMxgZl5ZwjTLxzMieTd3UYsGE/44pyy6GWVyLrcT2wE0KHsifQe0S1n0neHwJGT0cPq3/DXCUKcCCDw=",
              "ecdsa-sha2-nistp256 AAAAE2VjZHNhLXNoYTItbmlzdHAyNTYAAAAIbmlzdHAyNTYAAABBBOJQ1wK6smwqwtRzlZjfOTL3LW7BdXEgJA/fZjOde5dWM/PpIk11EwJNBWXJHUrMGfHnBTnRmQXwS4cZiezcymw="
            ],
            "suspended_at": null,
            "updated_at": null,
            "username": "ilya-siluyanov"
          },
          "sensitive_attributes": []
        }
      ]
    },
    {
      "mode": "managed",
      "type": "github_repository",
      "name": "devops-core-course-labs",
      "provider": "provider[\"registry.terraform.io/integrations/github\"]",
      "instances": [
        {
          "schema_version": 0,
          "attributes": {
            "allow_auto_merge": false,
            "allow_merge_commit": false,
            "allow_rebase_merge": true,
            "allow_squash_merge": true,
            "archive_on_destroy": null,
            "archived": false,
            "auto_init": null,
            "branches": [],
            "default_branch": "main",
            "delete_branch_on_merge": false,
            "description": "",
            "etag": "W/\"fd1c0b7b65b7ac71e7eaf5b129efc9912792ca02bee216d84389a4ebca34fce1\"",
            "full_name": "test-organization-devops-course/devops-core-course-labs",
            "git_clone_url": "git://github.com/test-organization-devops-course/devops-core-course-labs.git",
            "gitignore_template": null,
            "has_downloads": false,
            "has_issues": false,
            "has_projects": false,
            "has_wiki": false,
            "homepage_url": "",
            "html_url": "https://github.com/test-organization-devops-course/devops-core-course-labs",
            "http_clone_url": "https://github.com/test-organization-devops-course/devops-core-course-labs.git",
            "id": "devops-core-course-labs",
            "ignore_vulnerability_alerts_during_read": null,
            "is_template": false,
            "license_template": null,
            "merge_commit_message": "PR_TITLE",
            "merge_commit_title": "MERGE_MESSAGE",
            "name": "devops-core-course-labs",
            "node_id": "R_kgDOKYrEqA",
            "pages": [],
            "private": false,
            "repo_id": 696960168,
            "squash_merge_commit_message": "COMMIT_MESSAGES",
            "squash_merge_commit_title": "COMMIT_OR_PR_TITLE",
            "ssh_clone_url": "git@github.com:test-organization-devops-course/devops-core-course-labs.git",
            "svn_url": "https://github.com/test-organization-devops-course/devops-core-course-labs",
            "template": [],
            "topics": null,
            "visibility": "public",
            "vulnerability_alerts": false
          },
          "sensitive_attributes": [],
          "private": "bnVsbA=="
        }
      ]
    },
    {
      "mode": "managed",
      "type": "github_team",
      "name": "devs",
      "provider": "provider[\"registry.terraform.io/integrations/github\"]",
      "instances": [
        {
          "schema_version": 0,
          "attributes": {
            "create_default_maintainer": true,
            "description": "",
            "etag": "W/\"ab507c520f78d1ea8ee2ef36dd5ad9d53935c134793327e7d7f719525b26b315\"",
            "id": "8646171",
            "ldap_dn": "",
            "members_count": 1,
            "name": "Developers",
            "node_id": "T_kwDOCLXBy84Ag-4b",
            "parent_team_id": null,
            "privacy": "secret",
            "slug": "developers"
          },
          "sensitive_attributes": [],
          "private": "bnVsbA=="
        }
      ]
    },
    {
      "mode": "managed",
      "type": "github_team",
      "name": "ops",
      "provider": "provider[\"registry.terraform.io/integrations/github\"]",
      "instances": [
        {
          "schema_version": 0,
          "attributes": {
            "create_default_maintainer": true,
            "description": "",
            "etag": "W/\"468f958c7c8d4346685cf3880b7456629cd7344902c920653b7853612f1426db\"",
            "id": "8646173",
            "ldap_dn": "",
            "members_count": 1,
            "name": "Operation managers",
            "node_id": "T_kwDOCLXBy84Ag-4d",
            "parent_team_id": null,
            "privacy": "secret",
            "slug": "operation-managers"
          },
          "sensitive_attributes": [],
          "private": "bnVsbA=="
        }
      ]
    },
    {
      "mode": "managed",
      "type": "github_team_membership",
      "name": "devs-ilya",
      "provider": "provider[\"registry.terraform.io/integrations/github\"]",
      "instances": [
        {
          "schema_version": 0,
          "attributes": {
            "etag": "W/\"37234663ec882b3c2f43c2b8b14875c26acac2ef654f41428308cbfe1ebfe92a\"",
            "id": "8646171:ilya-siluyanov",
            "role": "maintainer",
            "team_id": "8646171",
            "username": "ilya-siluyanov"
          },
          "sensitive_attributes": [],
          "private": "bnVsbA==",
          "dependencies": [
            "data.github_user.self",
            "github_team.devs"
          ]
        }
      ]
    },
    {
      "mode": "managed",
      "type": "github_team_membership",
      "name": "ops-ilya",
      "provider": "provider[\"registry.terraform.io/integrations/github\"]",
      "instances": [
        {
          "schema_version": 0,
          "attributes": {
            "etag": "W/\"cfa18d1e68d86eb1665f766a1b42cc9ff9743d2a5303fb8532d5ef770983e1ef\"",
            "id": "8646173:ilya-siluyanov",
            "role": "member",
            "team_id": "8646173",
            "username": "ilya-siluyanov"
          },
          "sensitive_attributes": [],
          "private": "bnVsbA==",
          "dependencies": [
            "data.github_user.self",
            "github_team.ops"
          ]
        }
      ]
    },
    {
      "mode": "managed",
      "type": "github_team_repository",
      "name": "devops-core-course-labs-devs",
      "provider": "provider[\"registry.terraform.io/integrations/github\"]",
      "instances": [
        {
          "schema_version": 0,
          "attributes": {
            "etag": "W/\"e81af83d323e66fae8d098486fa4d40de7c6033c5ed453c98fb35cffeead169d\"",
            "id": "8646171:devops-core-course-labs",
            "permission": "push",
            "repository": "devops-core-course-labs",
            "team_id": "8646171"
          },
          "sensitive_attributes": [],
          "private": "bnVsbA==",
          "dependencies": [
            "github_repository.devops-core-course-labs",
            "github_team.devs"
          ]
        }
      ]
    },
    {
      "mode": "managed",
      "type": "github_team_repository",
      "name": "devops-core-course-labs-ops",
      "provider": "provider[\"registry.terraform.io/integrations/github\"]",
      "instances": [
        {
          "schema_version": 0,
          "attributes": {
            "etag": "W/\"625b856d13622f30c329324983ad02e1d865936d499927fb96a665f036df235d\"",
            "id": "8646173:devops-core-course-labs",
            "permission": "pull",
            "repository": "devops-core-course-labs",
            "team_id": "8646173"
          },
          "sensitive_attributes": [],
          "private": "bnVsbA==",
          "dependencies": [
            "github_repository.devops-core-course-labs",
            "github_team.ops"
          ]
        }
      ]
    }
  ],
  "check_results": null
}
